
Microsoft Visual Studio Solution File, Format Version 12.00
Project("{2150E333-8FDC-42A3-9474-1A3956D46DE8}") = "Solution Items", "Solution Items", "{FD120E83-E23C-4786-8C20-F9403C49F1F5}"
	ProjectSection(SolutionItems) = preProject
		global.json = global.json
		README.md = README.md
		..\Microservice_Tedu\Tài Liệu\TeduNote\Asp.net-microservice-dat\resources\Tedu-Microservices-Solution_Architect.jpg = ..\Microservice_Tedu\Tài Liệu\TeduNote\Asp.net-microservice-dat\resources\Tedu-Microservices-Solution_Architect.jpg
		src\docker-compose.override.yml = src\docker-compose.override.yml
	EndProjectSection
EndProject
Project("{2150E333-8FDC-42A3-9474-1A3956D46DE8}") = "src", "src", "{F40E5820-B982-4742-93B5-77BCA4BDA08B}"
	ProjectSection(SolutionItems) = preProject
		src\docker-compose.yml = src\docker-compose.yml
	EndProjectSection
EndProject
Project("{2150E333-8FDC-42A3-9474-1A3956D46DE8}") = "tests", "tests", "{FC046768-95EE-4996-A9B9-38BFEA7A91A1}"
EndProject
Project("{2150E333-8FDC-42A3-9474-1A3956D46DE8}") = "ApiGateWays", "ApiGateWays", "{2149AC0E-43FB-44A9-A058-9214A4DD723F}"
EndProject
Project("{2150E333-8FDC-42A3-9474-1A3956D46DE8}") = "BuildingBlocks", "BuildingBlocks", "{7C9375CB-0EF5-4A41-A263-AA23C5CC0FFD}"
EndProject
Project("{2150E333-8FDC-42A3-9474-1A3956D46DE8}") = "Services", "Services", "{FE4CBDD9-E9FF-4813-9A32-8B1DB7E5E9A2}"
EndProject
Project("{2150E333-8FDC-42A3-9474-1A3956D46DE8}") = "WebApps", "WebApps", "{D91F8FA6-AF5E-499D-87A1-33AC6735EDB6}"
EndProject
Project("{FAE04EC0-301F-11D3-BF4B-00C04F79EFBC}") = "Common.Logging", "src\BuildingBlocks\Common.Logging\Common.Logging.csproj", "{BDAADE3D-A18E-47C9-997F-A1CA11578DB8}"
EndProject
Project("{FAE04EC0-301F-11D3-BF4B-00C04F79EFBC}") = "EventBus.Messages", "src\BuildingBlocks\EventBus.Messages\EventBus.Messages.csproj", "{0124F10F-55BE-46D6-A971-C477CA778BD6}"
EndProject
Project("{2150E333-8FDC-42A3-9474-1A3956D46DE8}") = "Product", "Product", "{8909BE76-A0CC-49A9-A72B-BDF1984267BD}"
EndProject
Project("{2150E333-8FDC-42A3-9474-1A3956D46DE8}") = "Customer", "Customer", "{C537932E-98D8-4650-BE70-CA4322CAEE0D}"
EndProject
Project("{2150E333-8FDC-42A3-9474-1A3956D46DE8}") = "Ordering", "Ordering", "{87C5A138-74BC-47C9-8142-382584688E6F}"
EndProject
Project("{2150E333-8FDC-42A3-9474-1A3956D46DE8}") = "Inventory", "Inventory", "{D63FEF7E-49F6-4EBB-80D1-65EA8763B059}"
EndProject
Project("{2150E333-8FDC-42A3-9474-1A3956D46DE8}") = "ScheduledJob", "ScheduledJob", "{1770350D-76B2-451B-8E60-99A7CB292B47}"
EndProject
Project("{FAE04EC0-301F-11D3-BF4B-00C04F79EFBC}") = "WebHealthStatus", "src\WebApps\WebHealthStatus\WebHealthStatus.csproj", "{449444D7-AA62-4AFA-875E-1385280155BB}"
EndProject
Project("{2150E333-8FDC-42A3-9474-1A3956D46DE8}") = "Basket", "Basket", "{6EAE6AA5-D271-4934-8DCB-12FED20B0EC1}"
EndProject
Project("{FAE04EC0-301F-11D3-BF4B-00C04F79EFBC}") = "Basket.API", "src\Services\Basket.API\Basket.API.csproj", "{5AC26CEC-0885-42DB-BEBE-45E39294984D}"
EndProject
Project("{FAE04EC0-301F-11D3-BF4B-00C04F79EFBC}") = "Customer.API", "src\Services\Customer.API\Customer.API.csproj", "{7EB1A64C-6072-4694-B422-8FFE005CD79D}"
EndProject
Project("{FAE04EC0-301F-11D3-BF4B-00C04F79EFBC}") = "Inventory.Product.API", "src\Services\Inventory.Product.API\Inventory.Product.API.csproj", "{CA335E94-95F5-45BD-8D88-A252F356B30B}"
EndProject
Project("{FAE04EC0-301F-11D3-BF4B-00C04F79EFBC}") = "Ordering.API", "src\Services\Ordering.API\Ordering.API.csproj", "{DB26AE13-2661-478D-9348-C2B025A650D1}"
EndProject
Project("{FAE04EC0-301F-11D3-BF4B-00C04F79EFBC}") = "Product.API", "src\Services\Product.API\Product.API.csproj", "{31C8760D-55F9-469F-903C-54C52728E021}"
EndProject
Project("{FAE04EC0-301F-11D3-BF4B-00C04F79EFBC}") = "Hangfire.API", "src\Services\Hangfire.API\Hangfire.API.csproj", "{9A034E98-72BA-4CEE-9A1C-7B147B84DB44}"
EndProject
Project("{FAE04EC0-301F-11D3-BF4B-00C04F79EFBC}") = "Contracts", "src\BuildingBlocks\Contracts\Contracts.csproj", "{361946B0-D70F-4AA0-B2ED-9D89A2120A53}"
EndProject
Project("{FAE04EC0-301F-11D3-BF4B-00C04F79EFBC}") = "Infrastructure", "src\BuildingBlocks\Infrastructure\Infrastructure.csproj", "{E382F87F-3CF0-4B1C-A92B-6DC25E11B217}"
EndProject
Project("{FAE04EC0-301F-11D3-BF4B-00C04F79EFBC}") = "Shared", "src\BuildingBlocks\Shared\Shared.csproj", "{CC303374-0808-468E-A167-DD1B834CB8FC}"
EndProject
Project("{FAE04EC0-301F-11D3-BF4B-00C04F79EFBC}") = "OcelotApiGw", "src\ApiGateWays\OcelotApiGw\OcelotApiGw.csproj", "{E2A27A93-BAA1-43B3-B388-3078DBCAB632}"
EndProject
Global
	GlobalSection(SolutionConfigurationPlatforms) = preSolution
		Debug|Any CPU = Debug|Any CPU
		Release|Any CPU = Release|Any CPU
	EndGlobalSection
	GlobalSection(NestedProjects) = preSolution
		{2149AC0E-43FB-44A9-A058-9214A4DD723F} = {F40E5820-B982-4742-93B5-77BCA4BDA08B}
		{7C9375CB-0EF5-4A41-A263-AA23C5CC0FFD} = {F40E5820-B982-4742-93B5-77BCA4BDA08B}
		{FE4CBDD9-E9FF-4813-9A32-8B1DB7E5E9A2} = {F40E5820-B982-4742-93B5-77BCA4BDA08B}
		{D91F8FA6-AF5E-499D-87A1-33AC6735EDB6} = {F40E5820-B982-4742-93B5-77BCA4BDA08B}
		{BDAADE3D-A18E-47C9-997F-A1CA11578DB8} = {7C9375CB-0EF5-4A41-A263-AA23C5CC0FFD}
		{0124F10F-55BE-46D6-A971-C477CA778BD6} = {7C9375CB-0EF5-4A41-A263-AA23C5CC0FFD}
		{8909BE76-A0CC-49A9-A72B-BDF1984267BD} = {FE4CBDD9-E9FF-4813-9A32-8B1DB7E5E9A2}
		{C537932E-98D8-4650-BE70-CA4322CAEE0D} = {FE4CBDD9-E9FF-4813-9A32-8B1DB7E5E9A2}
		{87C5A138-74BC-47C9-8142-382584688E6F} = {FE4CBDD9-E9FF-4813-9A32-8B1DB7E5E9A2}
		{D63FEF7E-49F6-4EBB-80D1-65EA8763B059} = {FE4CBDD9-E9FF-4813-9A32-8B1DB7E5E9A2}
		{1770350D-76B2-451B-8E60-99A7CB292B47} = {FE4CBDD9-E9FF-4813-9A32-8B1DB7E5E9A2}
		{449444D7-AA62-4AFA-875E-1385280155BB} = {D91F8FA6-AF5E-499D-87A1-33AC6735EDB6}
		{6EAE6AA5-D271-4934-8DCB-12FED20B0EC1} = {FE4CBDD9-E9FF-4813-9A32-8B1DB7E5E9A2}
		{5AC26CEC-0885-42DB-BEBE-45E39294984D} = {6EAE6AA5-D271-4934-8DCB-12FED20B0EC1}
		{7EB1A64C-6072-4694-B422-8FFE005CD79D} = {C537932E-98D8-4650-BE70-CA4322CAEE0D}
		{CA335E94-95F5-45BD-8D88-A252F356B30B} = {D63FEF7E-49F6-4EBB-80D1-65EA8763B059}
		{DB26AE13-2661-478D-9348-C2B025A650D1} = {87C5A138-74BC-47C9-8142-382584688E6F}
		{31C8760D-55F9-469F-903C-54C52728E021} = {8909BE76-A0CC-49A9-A72B-BDF1984267BD}
		{9A034E98-72BA-4CEE-9A1C-7B147B84DB44} = {1770350D-76B2-451B-8E60-99A7CB292B47}
		{361946B0-D70F-4AA0-B2ED-9D89A2120A53} = {7C9375CB-0EF5-4A41-A263-AA23C5CC0FFD}
		{E382F87F-3CF0-4B1C-A92B-6DC25E11B217} = {7C9375CB-0EF5-4A41-A263-AA23C5CC0FFD}
		{CC303374-0808-468E-A167-DD1B834CB8FC} = {7C9375CB-0EF5-4A41-A263-AA23C5CC0FFD}
		{E2A27A93-BAA1-43B3-B388-3078DBCAB632} = {2149AC0E-43FB-44A9-A058-9214A4DD723F}
	EndGlobalSection
	GlobalSection(ProjectConfigurationPlatforms) = postSolution
		{BDAADE3D-A18E-47C9-997F-A1CA11578DB8}.Debug|Any CPU.ActiveCfg = Debug|Any CPU
		{BDAADE3D-A18E-47C9-997F-A1CA11578DB8}.Debug|Any CPU.Build.0 = Debug|Any CPU
		{BDAADE3D-A18E-47C9-997F-A1CA11578DB8}.Release|Any CPU.ActiveCfg = Release|Any CPU
		{BDAADE3D-A18E-47C9-997F-A1CA11578DB8}.Release|Any CPU.Build.0 = Release|Any CPU
		{0124F10F-55BE-46D6-A971-C477CA778BD6}.Debug|Any CPU.ActiveCfg = Debug|Any CPU
		{0124F10F-55BE-46D6-A971-C477CA778BD6}.Debug|Any CPU.Build.0 = Debug|Any CPU
		{0124F10F-55BE-46D6-A971-C477CA778BD6}.Release|Any CPU.ActiveCfg = Release|Any CPU
		{0124F10F-55BE-46D6-A971-C477CA778BD6}.Release|Any CPU.Build.0 = Release|Any CPU
		{449444D7-AA62-4AFA-875E-1385280155BB}.Debug|Any CPU.ActiveCfg = Debug|Any CPU
		{449444D7-AA62-4AFA-875E-1385280155BB}.Debug|Any CPU.Build.0 = Debug|Any CPU
		{449444D7-AA62-4AFA-875E-1385280155BB}.Release|Any CPU.ActiveCfg = Release|Any CPU
		{449444D7-AA62-4AFA-875E-1385280155BB}.Release|Any CPU.Build.0 = Release|Any CPU
		{5AC26CEC-0885-42DB-BEBE-45E39294984D}.Debug|Any CPU.ActiveCfg = Debug|Any CPU
		{5AC26CEC-0885-42DB-BEBE-45E39294984D}.Debug|Any CPU.Build.0 = Debug|Any CPU
		{5AC26CEC-0885-42DB-BEBE-45E39294984D}.Release|Any CPU.ActiveCfg = Release|Any CPU
		{5AC26CEC-0885-42DB-BEBE-45E39294984D}.Release|Any CPU.Build.0 = Release|Any CPU
		{7EB1A64C-6072-4694-B422-8FFE005CD79D}.Debug|Any CPU.ActiveCfg = Debug|Any CPU
		{7EB1A64C-6072-4694-B422-8FFE005CD79D}.Debug|Any CPU.Build.0 = Debug|Any CPU
		{7EB1A64C-6072-4694-B422-8FFE005CD79D}.Release|Any CPU.ActiveCfg = Release|Any CPU
		{7EB1A64C-6072-4694-B422-8FFE005CD79D}.Release|Any CPU.Build.0 = Release|Any CPU
		{CA335E94-95F5-45BD-8D88-A252F356B30B}.Debug|Any CPU.ActiveCfg = Debug|Any CPU
		{CA335E94-95F5-45BD-8D88-A252F356B30B}.Debug|Any CPU.Build.0 = Debug|Any CPU
		{CA335E94-95F5-45BD-8D88-A252F356B30B}.Release|Any CPU.ActiveCfg = Release|Any CPU
		{CA335E94-95F5-45BD-8D88-A252F356B30B}.Release|Any CPU.Build.0 = Release|Any CPU
		{DB26AE13-2661-478D-9348-C2B025A650D1}.Debug|Any CPU.ActiveCfg = Debug|Any CPU
		{DB26AE13-2661-478D-9348-C2B025A650D1}.Debug|Any CPU.Build.0 = Debug|Any CPU
		{DB26AE13-2661-478D-9348-C2B025A650D1}.Release|Any CPU.ActiveCfg = Release|Any CPU
		{DB26AE13-2661-478D-9348-C2B025A650D1}.Release|Any CPU.Build.0 = Release|Any CPU
		{31C8760D-55F9-469F-903C-54C52728E021}.Debug|Any CPU.ActiveCfg = Debug|Any CPU
		{31C8760D-55F9-469F-903C-54C52728E021}.Debug|Any CPU.Build.0 = Debug|Any CPU
		{31C8760D-55F9-469F-903C-54C52728E021}.Release|Any CPU.ActiveCfg = Release|Any CPU
		{31C8760D-55F9-469F-903C-54C52728E021}.Release|Any CPU.Build.0 = Release|Any CPU
		{9A034E98-72BA-4CEE-9A1C-7B147B84DB44}.Debug|Any CPU.ActiveCfg = Debug|Any CPU
		{9A034E98-72BA-4CEE-9A1C-7B147B84DB44}.Debug|Any CPU.Build.0 = Debug|Any CPU
		{9A034E98-72BA-4CEE-9A1C-7B147B84DB44}.Release|Any CPU.ActiveCfg = Release|Any CPU
		{9A034E98-72BA-4CEE-9A1C-7B147B84DB44}.Release|Any CPU.Build.0 = Release|Any CPU
		{361946B0-D70F-4AA0-B2ED-9D89A2120A53}.Debug|Any CPU.ActiveCfg = Debug|Any CPU
		{361946B0-D70F-4AA0-B2ED-9D89A2120A53}.Debug|Any CPU.Build.0 = Debug|Any CPU
		{361946B0-D70F-4AA0-B2ED-9D89A2120A53}.Release|Any CPU.ActiveCfg = Release|Any CPU
		{361946B0-D70F-4AA0-B2ED-9D89A2120A53}.Release|Any CPU.Build.0 = Release|Any CPU
		{E382F87F-3CF0-4B1C-A92B-6DC25E11B217}.Debug|Any CPU.ActiveCfg = Debug|Any CPU
		{E382F87F-3CF0-4B1C-A92B-6DC25E11B217}.Debug|Any CPU.Build.0 = Debug|Any CPU
		{E382F87F-3CF0-4B1C-A92B-6DC25E11B217}.Release|Any CPU.ActiveCfg = Release|Any CPU
		{E382F87F-3CF0-4B1C-A92B-6DC25E11B217}.Release|Any CPU.Build.0 = Release|Any CPU
		{CC303374-0808-468E-A167-DD1B834CB8FC}.Debug|Any CPU.ActiveCfg = Debug|Any CPU
		{CC303374-0808-468E-A167-DD1B834CB8FC}.Debug|Any CPU.Build.0 = Debug|Any CPU
		{CC303374-0808-468E-A167-DD1B834CB8FC}.Release|Any CPU.ActiveCfg = Release|Any CPU
		{CC303374-0808-468E-A167-DD1B834CB8FC}.Release|Any CPU.Build.0 = Release|Any CPU
		{E2A27A93-BAA1-43B3-B388-3078DBCAB632}.Debug|Any CPU.ActiveCfg = Debug|Any CPU
		{E2A27A93-BAA1-43B3-B388-3078DBCAB632}.Debug|Any CPU.Build.0 = Debug|Any CPU
		{E2A27A93-BAA1-43B3-B388-3078DBCAB632}.Release|Any CPU.ActiveCfg = Release|Any CPU
		{E2A27A93-BAA1-43B3-B388-3078DBCAB632}.Release|Any CPU.Build.0 = Release|Any CPU
	EndGlobalSection
EndGlobal
